[[package]]
name = "byteorder"
version = "1.2.4"
source = "registry+https://github.com/rust-lang/crates.io-index"

[[package]]
name = "cfg-if"
version = "0.1.5"
source = "registry+https://github.com/rust-lang/crates.io-index"

[[package]]
name = "crunchy"
version = "0.1.6"
source = "registry+https://github.com/rust-lang/crates.io-index"

[[package]]
name = "libc"
version = "0.2.43"
source = "registry+https://github.com/rust-lang/crates.io-index"

[[package]]
name = "memory_units"
version = "0.4.0"
source = "registry+https://github.com/rust-lang/crates.io-index"

[[package]]
name = "parity-hash"
version = "1.2.2"
source = "registry+https://github.com/rust-lang/crates.io-index"
dependencies = [
 "rustc-hex 2.0.1 (registry+https://github.com/rust-lang/crates.io-index)",
 "uint 0.3.0 (registry+https://github.com/rust-lang/crates.io-index)",
]

[[package]]
name = "pwasm-alloc"
version = "0.4.0"
source = "registry+https://github.com/rust-lang/crates.io-index"
dependencies = [
 "wee_alloc 0.4.2 (registry+https://github.com/rust-lang/crates.io-index)",
]

[[package]]
name = "pwasm-ethereum"
version = "0.6.3"
source = "registry+https://github.com/rust-lang/crates.io-index"
dependencies = [
 "byteorder 1.2.4 (registry+https://github.com/rust-lang/crates.io-index)",
 "parity-hash 1.2.2 (registry+https://github.com/rust-lang/crates.io-index)",
 "pwasm-std 0.10.0 (registry+https://github.com/rust-lang/crates.io-index)",
 "uint 0.3.0 (registry+https://github.com/rust-lang/crates.io-index)",
]

[[package]]
name = "pwasm-libc"
version = "0.2.0"
source = "registry+https://github.com/rust-lang/crates.io-index"
dependencies = [
 "cfg-if 0.1.5 (registry+https://github.com/rust-lang/crates.io-index)",
 "rlibc 1.0.0 (registry+https://github.com/rust-lang/crates.io-index)",
]

[[package]]
name = "pwasm-std"
version = "0.10.0"
source = "registry+https://github.com/rust-lang/crates.io-index"
dependencies = [
 "byteorder 1.2.4 (registry+https://github.com/rust-lang/crates.io-index)",
 "parity-hash 1.2.2 (registry+https://github.com/rust-lang/crates.io-index)",
 "pwasm-alloc 0.4.0 (registry+https://github.com/rust-lang/crates.io-index)",
 "pwasm-libc 0.2.0 (registry+https://github.com/rust-lang/crates.io-index)",
 "tiny-keccak 1.4.2 (registry+https://github.com/rust-lang/crates.io-index)",
]

[[package]]
name = "pwasm-tutorial-contract"
version = "0.1.0"
dependencies = [
 "pwasm-ethereum 0.6.3 (registry+https://github.com/rust-lang/crates.io-index)",
 "pwasm-std 0.10.0 (registry+https://github.com/rust-lang/crates.io-index)",
]

[[package]]
name = "rlibc"
version = "1.0.0"
source = "registry+https://github.com/rust-lang/crates.io-index"

[[package]]
name = "rustc-hex"
version = "2.0.1"
source = "registry+https://github.com/rust-lang/crates.io-index"

[[package]]
name = "tiny-keccak"
version = "1.4.2"
source = "registry+https://github.com/rust-lang/crates.io-index"
dependencies = [
 "crunchy 0.1.6 (registry+https://github.com/rust-lang/crates.io-index)",
]

[[package]]
name = "uint"
version = "0.3.0"
source = "registry+https://github.com/rust-lang/crates.io-index"
dependencies = [
 "byteorder 1.2.4 (registry+https://github.com/rust-lang/crates.io-index)",
 "crunchy 0.1.6 (registry+https://github.com/rust-lang/crates.io-index)",
 "rustc-hex 2.0.1 (registry+https://github.com/rust-lang/crates.io-index)",
]

[[package]]
name = "unreachable"
version = "1.0.0"
source = "registry+https://github.com/rust-lang/crates.io-index"
dependencies = [
 "void 1.0.2 (registry+https://github.com/rust-lang/crates.io-index)",
]

[[package]]
name = "void"
version = "1.0.2"
source = "registry+https://github.com/rust-lang/crates.io-index"

[[package]]
name = "wee_alloc"
version = "0.4.2"
source = "registry+https://github.com/rust-lang/crates.io-index"
dependencies = [
 "cfg-if 0.1.5 (registry+https://github.com/rust-lang/crates.io-index)",
 "libc 0.2.43 (registry+https://github.com/rust-lang/crates.io-index)",
 "memory_units 0.4.0 (registry+https://github.com/rust-lang/crates.io-index)",
 "unreachable 1.0.0 (registry+https://github.com/rust-lang/crates.io-index)",
 "winapi 0.3.5 (registry+https://github.com/rust-lang/crates.io-index)",
]

[[package]]
name = "winapi"
version = "0.3.5"
source = "registry+https://github.com/rust-lang/crates.io-index"
dependencies = [
 "winapi-i686-pc-windows-gnu 0.4.0 (registry+https://github.com/rust-lang/crates.io-index)",
 "winapi-x86_64-pc-windows-gnu 0.4.0 (registry+https://github.com/rust-lang/crates.io-index)",
]

[[package]]
name = "winapi-i686-pc-windows-gnu"
version = "0.4.0"
source = "registry+https://github.com/rust-lang/crates.io-index"

[[package]]
name = "winapi-x86_64-pc-windows-gnu"
version = "0.4.0"
source = "registry+https://github.com/rust-lang/crates.io-index"

[metadata]
"checksum byteorder 1.2.4 (registry+https://github.com/rust-lang/crates.io-index)" = "8389c509ec62b9fe8eca58c502a0acaf017737355615243496cde4994f8fa4f9"
"checksum cfg-if 0.1.5 (registry+https://github.com/rust-lang/crates.io-index)" = "0c4e7bb64a8ebb0d856483e1e682ea3422f883c5f5615a90d51a2c82fe87fdd3"
"checksum crunchy 0.1.6 (registry+https://github.com/rust-lang/crates.io-index)" = "a2f4a431c5c9f662e1200b7c7f02c34e91361150e382089a8f2dec3ba680cbda"
"checksum libc 0.2.43 (registry+https://github.com/rust-lang/crates.io-index)" = "76e3a3ef172f1a0b9a9ff0dd1491ae5e6c948b94479a3021819ba7d860c8645d"
"checksum memory_units 0.4.0 (registry+https://github.com/rust-lang/crates.io-index)" = "8452105ba047068f40ff7093dd1d9da90898e63dd61736462e9cdda6a90ad3c3"
"checksum parity-hash 1.2.2 (registry+https://github.com/rust-lang/crates.io-index)" = "bf5894560556fa8cf8cb47c54104e6bc5baa5e35f6a95bb757acd252db5810a8"
"checksum pwasm-alloc 0.4.0 (registry+https://github.com/rust-lang/crates.io-index)" = "bf268e76f224753679a7cb6e0261c9226676c83cd4d2b6ead2095524f00c854f"
"checksum pwasm-ethereum 0.6.3 (registry+https://github.com/rust-lang/crates.io-index)" = "bf09bfb0592e507ad3d238f3bc5174586971889abadf5406ac8ea96f22b1ded1"
"checksum pwasm-libc 0.2.0 (registry+https://github.com/rust-lang/crates.io-index)" = "027307d6d2086ffb7f399227d42593c5341e8869a55ac8dd7c79d7ca04ec00e2"
"checksum pwasm-std 0.10.0 (registry+https://github.com/rust-lang/crates.io-index)" = "813c55a13acb1e369ca3f75817fdb913c1765e6219b4a4331e89765c01f41670"
"checksum rlibc 1.0.0 (registry+https://github.com/rust-lang/crates.io-index)" = "fc874b127765f014d792f16763a81245ab80500e2ad921ed4ee9e82481ee08fe"
"checksum rustc-hex 2.0.1 (registry+https://github.com/rust-lang/crates.io-index)" = "403bb3a286107a04825a5f82e1270acc1e14028d3d554d7a1e08914549575ab8"
"checksum tiny-keccak 1.4.2 (registry+https://github.com/rust-lang/crates.io-index)" = "e9175261fbdb60781fcd388a4d6cc7e14764a2b629a7ad94abb439aed223a44f"
"checksum uint 0.3.0 (registry+https://github.com/rust-lang/crates.io-index)" = "203ed06d677f663f8b4434d694a0a13cf9c874196e02c8c94bc6ac4ac603c7bb"
"checksum unreachable 1.0.0 (registry+https://github.com/rust-lang/crates.io-index)" = "382810877fe448991dfc7f0dd6e3ae5d58088fd0ea5e35189655f84e6814fa56"
"checksum void 1.0.2 (registry+https://github.com/rust-lang/crates.io-index)" = "6a02e4885ed3bc0f2de90ea6dd45ebcbb66dacffe03547fadbb0eeae2770887d"
"checksum wee_alloc 0.4.2 (registry+https://github.com/rust-lang/crates.io-index)" = "27875be1daf838fa18f3e94fd19fd12638e34615b42f56da2610c8f46be80cc6"
"checksum winapi 0.3.5 (registry+https://github.com/rust-lang/crates.io-index)" = "773ef9dcc5f24b7d850d0ff101e542ff24c3b090a9768e03ff889fdef41f00fd"
"checksum winapi-i686-pc-windows-gnu 0.4.0 (registry+https://github.com/rust-lang/crates.io-index)" = "ac3b87c63620426dd9b991e5ce0329eff545bccbbb34f3be09ff6fb6ab51b7b6"
"checksum winapi-x86_64-pc-windows-gnu 0.4.0 (registry+https://github.com/rust-lang/crates.io-index)" = "712e227841d057c1ee1cd2fb22fa7e5a5461ae8e48fa2ca79ec42cfc1931183f"
